// !$*UTF8*$!
{
	archiveVersion = 1;
	classes = {
	};
	objectVersion = 46;
	objects = {

/* Begin PBXBuildFile section */
		68AD3076A166C0C6AB96B66C /* KickbackTests.swift in Sources */ = {isa = PBXBuildFile; fileRef = 68AD37634A0A4F12312E4039 /* KickbackTests.swift */; };
		68AD32B232D3B40EC76F82CA /* Main.storyboard in Resources */ = {isa = PBXBuildFile; fileRef = 68AD3E35310DD51A0DB24C65 /* Main.storyboard */; };
		68AD3534DEE44ABFB8E94AB4 /* DataViewController.swift in Sources */ = {isa = PBXBuildFile; fileRef = 68AD33949D3D5245E54129FE /* DataViewController.swift */; };
		68AD36465A6EA70F245254E4 /* AppDelegate.swift in Sources */ = {isa = PBXBuildFile; fileRef = 68AD3E68E79B17069D16BE10 /* AppDelegate.swift */; };
		68AD36D7ACDB36E7F4629781 /* ModelController.swift in Sources */ = {isa = PBXBuildFile; fileRef = 68AD3BAE1CCC7867026DA54D /* ModelController.swift */; };
		68AD3740438804F18A66185F /* RootViewController.swift in Sources */ = {isa = PBXBuildFile; fileRef = 68AD36051A101A3CF8BF1BD4 /* RootViewController.swift */; };
		68AD3B371DB97D49AC262716 /* LaunchScreen.xib in Resources */ = {isa = PBXBuildFile; fileRef = 68AD3B1973C63C8BFF469DD7 /* LaunchScreen.xib */; };
		68AD3D4130ECC7C34FDA46E7 /* Images.xcassets in Resources */ = {isa = PBXBuildFile; fileRef = 68AD34A05A4B038E4B542C20 /* Images.xcassets */; };
/* End PBXBuildFile section */

/* Begin PBXContainerItemProxy section */
		68AD37086B466F56A6196A5B /* PBXContainerItemProxy */ = {
			isa = PBXContainerItemProxy;
			containerPortal = 68AD3415ECB94F4DD2F05024 /* Project object */;
			proxyType = 1;
			remoteGlobalIDString = 68AD37196F48313AA289339C;
			remoteInfo = Kickback;
		};
/* End PBXContainerItemProxy section */

/* Begin PBXFileReference section */
		68AD31754B5D8D731526CF4E /* Info.plist */ = {isa = PBXFileReference; lastKnownFileType = text.plist.info; path = Info.plist; sourceTree = "<group>"; };
		68AD33949D3D5245E54129FE /* DataViewController.swift */ = {isa = PBXFileReference; lastKnownFileType = sourcecode.swift; path = DataViewController.swift; sourceTree = "<group>"; };
		68AD34A05A4B038E4B542C20 /* Images.xcassets */ = {isa = PBXFileReference; lastKnownFileType = folder.assetcatalog; path = Images.xcassets; sourceTree = "<group>"; };
		68AD3566E929C274C3EB5261 /* KickbackTests.xctest */ = {isa = PBXFileReference; explicitFileType = wrapper.cfbundle; includeInIndex = 0; path = KickbackTests.xctest; sourceTree = BUILT_PRODUCTS_DIR; };
		68AD3600B798C81BC9094DB3 /* Kickback.app */ = {isa = PBXFileReference; explicitFileType = wrapper.application; includeInIndex = 0; path = Kickback.app; sourceTree = BUILT_PRODUCTS_DIR; };
		68AD36051A101A3CF8BF1BD4 /* RootViewController.swift */ = {isa = PBXFileReference; lastKnownFileType = sourcecode.swift; path = RootViewController.swift; sourceTree = "<group>"; };
		68AD36C706AF0B47FEED4B50 /* Base */ = {isa = PBXFileReference; lastKnownFileType = file.xib; name = Base; path = Base.lproj/LaunchScreen.xib; sourceTree = "<group>"; };
		68AD37634A0A4F12312E4039 /* KickbackTests.swift */ = {isa = PBXFileReference; lastKnownFileType = sourcecode.swift; path = KickbackTests.swift; sourceTree = "<group>"; };
		68AD3BA82425B2927491D68D /* Info.plist */ = {isa = PBXFileReference; lastKnownFileType = text.plist.info; path = Info.plist; sourceTree = "<group>"; };
		68AD3BAE1CCC7867026DA54D /* ModelController.swift */ = {isa = PBXFileReference; lastKnownFileType = sourcecode.swift; path = ModelController.swift; sourceTree = "<group>"; };
		68AD3E68E79B17069D16BE10 /* AppDelegate.swift */ = {isa = PBXFileReference; lastKnownFileType = sourcecode.swift; path = AppDelegate.swift; sourceTree = "<group>"; };
		68AD3F43B8CBA59AEB03A522 /* Base */ = {isa = PBXFileReference; lastKnownFileType = file.storyboard; name = Base; path = Base.lproj/Main.storyboard; sourceTree = "<group>"; };
/* End PBXFileReference section */

/* Begin PBXFrameworksBuildPhase section */
		68AD321DF6E2795A2B858134 /* Frameworks */ = {
			isa = PBXFrameworksBuildPhase;
			buildActionMask = 2147483647;
			files = (
			);
			runOnlyForDeploymentPostprocessing = 0;
		};
		68AD3A7B5876023997A35F00 /* Frameworks */ = {
			isa = PBXFrameworksBuildPhase;
			buildActionMask = 2147483647;
			files = (
			);
			runOnlyForDeploymentPostprocessing = 0;
		};
/* End PBXFrameworksBuildPhase section */

/* Begin PBXGroup section */
		68AD313178C9B9A7F32E96BA /* Kickback */ = {
			isa = PBXGroup;
			children = (
				68AD346F6213D939A3F2283E /* Supporting Files */,
				68AD34A05A4B038E4B542C20 /* Images.xcassets */,
				68AD3B1973C63C8BFF469DD7 /* LaunchScreen.xib */,
				68AD3E68E79B17069D16BE10 /* AppDelegate.swift */,
				68AD3E35310DD51A0DB24C65 /* Main.storyboard */,
				68AD36051A101A3CF8BF1BD4 /* RootViewController.swift */,
				68AD33949D3D5245E54129FE /* DataViewController.swift */,
				68AD3BAE1CCC7867026DA54D /* ModelController.swift */,
			);
			path = Kickback;
			sourceTree = "<group>";
		};
		68AD346F6213D939A3F2283E /* Supporting Files */ = {
			isa = PBXGroup;
			children = (
				68AD3BA82425B2927491D68D /* Info.plist */,
			);
			name = "Supporting Files";
			sourceTree = "<group>";
		};
		68AD37554A3C50EAC4B99C88 = {
			isa = PBXGroup;
			children = (
				68AD3B92C055E7FD0E19931F /* Products */,
				68AD313178C9B9A7F32E96BA /* Kickback */,
				68AD3ADBE35621AF3DB0BFD4 /* KickbackTests */,
			);
			sourceTree = "<group>";
		};
		68AD3A0492B1A92251657D5B /* Supporting Files */ = {
			isa = PBXGroup;
			children = (
				68AD31754B5D8D731526CF4E /* Info.plist */,
			);
			name = "Supporting Files";
			sourceTree = "<group>";
		};
		68AD3ADBE35621AF3DB0BFD4 /* KickbackTests */ = {
			isa = PBXGroup;
			children = (
				68AD3A0492B1A92251657D5B /* Supporting Files */,
				68AD37634A0A4F12312E4039 /* KickbackTests.swift */,
			);
			path = KickbackTests;
			sourceTree = "<group>";
		};
		68AD3B92C055E7FD0E19931F /* Products */ = {
			isa = PBXGroup;
			children = (
				68AD3600B798C81BC9094DB3 /* Kickback.app */,
				68AD3566E929C274C3EB5261 /* KickbackTests.xctest */,
			);
			name = Products;
			sourceTree = "<group>";
		};
/* End PBXGroup section */

/* Begin PBXNativeTarget section */
		68AD37196F48313AA289339C /* Kickback */ = {
			isa = PBXNativeTarget;
			buildConfigurationList = 68AD39698AE500D2F2109DFB /* Build configuration list for PBXNativeTarget "Kickback" */;
			buildPhases = (
				68AD31F04BB37ECD143C6A96 /* Sources */,
				68AD321DF6E2795A2B858134 /* Frameworks */,
				68AD3162487273CCA513811D /* Resources */,
			);
			buildRules = (
			);
			dependencies = (
			);
			name = Kickback;
			productName = Kickback;
			productReference = 68AD3600B798C81BC9094DB3 /* Kickback.app */;
			productType = "com.apple.product-type.application";
		};
		68AD3F798217857C7CCC7C29 /* KickbackTests */ = {
			isa = PBXNativeTarget;
			buildConfigurationList = 68AD367D088DB82BEA9F248F /* Build configuration list for PBXNativeTarget "KickbackTests" */;
			buildPhases = (
				68AD3CB7F0FD8C9F119DF112 /* Sources */,
				68AD3A7B5876023997A35F00 /* Frameworks */,
				68AD38620231DC0A82DEEF0C /* Resources */,
			);
			buildRules = (
			);
			dependencies = (
				68AD3F9784398621D215B8D4 /* PBXTargetDependency */,
			);
			name = KickbackTests;
			productName = KickbackTests;
			productReference = 68AD3566E929C274C3EB5261 /* KickbackTests.xctest */;
			productType = "com.apple.product-type.bundle.unit-test";
		};
/* End PBXNativeTarget section */

/* Begin PBXProject section */
		68AD3415ECB94F4DD2F05024 /* Project object */ = {
			isa = PBXProject;
			attributes = {
				ORGANIZATIONNAME = Bramble;
			};
			buildConfigurationList = 68AD334EA38CC35BE33B5B9E /* Build configuration list for PBXProject "Kickback" */;
			compatibilityVersion = "Xcode 3.2";
			developmentRegion = English;
			hasScannedForEncodings = 0;
			knownRegions = (
				en,
			);
			mainGroup = 68AD37554A3C50EAC4B99C88;
			productRefGroup = 68AD3B92C055E7FD0E19931F /* Products */;
			projectDirPath = "";
			projectRoot = "";
			targets = (
				68AD37196F48313AA289339C /* Kickback */,
				68AD3F798217857C7CCC7C29 /* KickbackTests */,
			);
		};
/* End PBXProject section */

/* Begin PBXResourcesBuildPhase section */
		68AD3162487273CCA513811D /* Resources */ = {
			isa = PBXResourcesBuildPhase;
			buildActionMask = 2147483647;
			files = (
				68AD3D4130ECC7C34FDA46E7 /* Images.xcassets in Resources */,
				68AD3B371DB97D49AC262716 /* LaunchScreen.xib in Resources */,
				68AD32B232D3B40EC76F82CA /* Main.storyboard in Resources */,
			);
			runOnlyForDeploymentPostprocessing = 0;
		};
		68AD38620231DC0A82DEEF0C /* Resources */ = {
			isa = PBXResourcesBuildPhase;
			buildActionMask = 2147483647;
			files = (
			);
			runOnlyForDeploymentPostprocessing = 0;
		};
/* End PBXResourcesBuildPhase section */

/* Begin PBXSourcesBuildPhase section */
		68AD31F04BB37ECD143C6A96 /* Sources */ = {
			isa = PBXSourcesBuildPhase;
			buildActionMask = 2147483647;
			files = (
				68AD36465A6EA70F245254E4 /* AppDelegate.swift in Sources */,
				68AD3740438804F18A66185F /* RootViewController.swift in Sources */,
				68AD3534DEE44ABFB8E94AB4 /* DataViewController.swift in Sources */,
				68AD36D7ACDB36E7F4629781 /* ModelController.swift in Sources */,
			);
			runOnlyForDeploymentPostprocessing = 0;
		};
		68AD3CB7F0FD8C9F119DF112 /* Sources */ = {
			isa = PBXSourcesBuildPhase;
			buildActionMask = 2147483647;
			files = (
				68AD3076A166C0C6AB96B66C /* KickbackTests.swift in Sources */,
			);
			runOnlyForDeploymentPostprocessing = 0;
		};
/* End PBXSourcesBuildPhase section */

/* Begin PBXTargetDependency section */
		68AD3F9784398621D215B8D4 /* PBXTargetDependency */ = {
			isa = PBXTargetDependency;
			target = 68AD37196F48313AA289339C /* Kickback */;
			targetProxy = 68AD37086B466F56A6196A5B /* PBXContainerItemProxy */;
		};
/* End PBXTargetDependency section */

/* Begin PBXVariantGroup section */
		68AD3B1973C63C8BFF469DD7 /* LaunchScreen.xib */ = {
			isa = PBXVariantGroup;
			children = (
				68AD36C706AF0B47FEED4B50 /* Base */,
			);
			name = LaunchScreen.xib;
			sourceTree = "<group>";
		};
		68AD3E35310DD51A0DB24C65 /* Main.storyboard */ = {
			isa = PBXVariantGroup;
			children = (
				68AD3F43B8CBA59AEB03A522 /* Base */,
			);
			name = Main.storyboard;
			sourceTree = "<group>";
		};
/* End PBXVariantGroup section */

/* Begin XCBuildConfiguration section */
		68AD30819F99111DB18FD217 /* Release */ = {
			isa = XCBuildConfiguration;
			buildSettings = {
				BUNDLE_LOADER = "$(BUILT_PRODUCTS_DIR)/Kickback.app/Kickback";
				FRAMEWORK_SEARCH_PATHS = (
					"$(SDKROOT)/Developer/Library/Frameworks",
					"$(inherited)",
				);
				INFOPLIST_FILE = KickbackTests/Info.plist;
				LD_RUNPATH_SEARCH_PATHS = "$(inherited) @executable_path/Frameworks @loader_path/Frameworks";
				PRODUCT_NAME = "$(TARGET_NAME)";
				TEST_HOST = "$(BUNDLE_LOADER)";
			};
			name = Release;
		};
		68AD312E5F50EED47045F419 /* Release */ = {
			isa = XCBuildConfiguration;
			buildSettings = {
				ASSETCATALOG_COMPILER_APPICON_NAME = AppIcon;
				INFOPLIST_FILE = Kickback/Info.plist;
				LD_RUNPATH_SEARCH_PATHS = "$(inherited) @executable_path/Frameworks";
				PRODUCT_NAME = "$(TARGET_NAME)";
			};
			name = Release;
		};
		68AD343A21D7C27EF44B468F /* Release */ = {
			isa = XCBuildConfiguration;
			buildSettings = {
				ALWAYS_SEARCH_USER_PATHS = NO;
				CLANG_CXX_LANGUAGE_STANDARD = "gnu++0x";
				CLANG_CXX_LIBRARY = "libc++";
				CLANG_ENABLE_MODULES = YES;
				CLANG_ENABLE_OBJC_ARC = YES;
				CLANG_WARN_BOOL_CONVERSION = YES;
				CLANG_WARN_CONSTANT_CONVERSION = YES;
				CLANG_WARN_DIRECT_OBJC_ISA_USAGE = YES_ERROR;
				CLANG_WARN_EMPTY_BODY = YES;
				CLANG_WARN_ENUM_CONVERSION = YES;
				CLANG_WARN_INT_CONVERSION = YES;
				CLANG_WARN_OBJC_ROOT_CLASS = YES_ERROR;
				CLANG_WARN_UNREACHABLE_CODE = YES;
				CLANG_WARN__DUPLICATE_METHOD_MATCH = YES;
				"CODE_SIGN_IDENTITY[sdk=iphoneos*]" = "iPhone Developer";
				COPY_PHASE_STRIP = YES;
				ENABLE_NS_ASSERTIONS = NO;
				ENABLE_STRICT_OBJC_MSGSEND = YES;
				GCC_C_LANGUAGE_STANDARD = gnu99;
				GCC_WARN_64_TO_32_BIT_CONVERSION = YES;
				GCC_WARN_ABOUT_RETURN_TYPE = YES_ERROR;
				GCC_WARN_UNDECLARED_SELECTOR = YES;
				GCC_WARN_UNINITIALIZED_AUTOS = YES_AGGRESSIVE;
				GCC_WARN_UNUSED_FUNCTION = YES;
				GCC_WARN_UNUSED_VARIABLE = YES;
				IPHONEOS_DEPLOYMENT_TARGET = 8.1;
				MTL_ENABLE_DEBUG_INFO = NO;
				SDKROOT = iphoneos;
				TARGETED_DEVICE_FAMILY = "1,2";
				VALIDATE_PRODUCT = YES;
			};
			name = Release;
		};
		68AD374F179AC658278362D0 /* Debug */ = {
			isa = XCBuildConfiguration;
			buildSettings = {
				ASSETCATALOG_COMPILER_APPICON_NAME = AppIcon;
				INFOPLIST_FILE = Kickback/Info.plist;
				LD_RUNPATH_SEARCH_PATHS = "$(inherited) @executable_path/Frameworks";
				PRODUCT_NAME = "$(TARGET_NAME)";
			};
			name = Debug;
		};
		68AD3913BA08D2327ED62C87 /* Debug */ = {
			isa = XCBuildConfiguration;
			buildSettings = {
				BUNDLE_LOADER = "$(BUILT_PRODUCTS_DIR)/Kickback.app/Kickback";
				FRAMEWORK_SEARCH_PATHS = (
					"$(SDKROOT)/Developer/Library/Frameworks",
					"$(inherited)",
				);
				INFOPLIST_FILE = KickbackTests/Info.plist;
				LD_RUNPATH_SEARCH_PATHS = "$(inherited) @executable_path/Frameworks @loader_path/Frameworks";
				PRODUCT_NAME = "$(TARGET_NAME)";
				TEST_HOST = "$(BUNDLE_LOADER)";
			};
			name = Debug;
		};
		68AD3B2B24DBE25B3F690862 /* Debug */ = {
			isa = XCBuildConfiguration;
			buildSettings = {
				ALWAYS_SEARCH_USER_PATHS = NO;
				CLANG_CXX_LANGUAGE_STANDARD = "gnu++0x";
				CLANG_CXX_LIBRARY = "libc++";
				CLANG_ENABLE_MODULES = YES;
				CLANG_ENABLE_OBJC_ARC = YES;
				CLANG_WARN_BOOL_CONVERSION = YES;
				CLANG_WARN_CONSTANT_CONVERSION = YES;
				CLANG_WARN_DIRECT_OBJC_ISA_USAGE = YES_ERROR;
				CLANG_WARN_EMPTY_BODY = YES;
				CLANG_WARN_ENUM_CONVERSION = YES;
				CLANG_WARN_INT_CONVERSION = YES;
				CLANG_WARN_OBJC_ROOT_CLASS = YES_ERROR;
				CLANG_WARN_UNREACHABLE_CODE = YES;
				CLANG_WARN__DUPLICATE_METHOD_MATCH = YES;
				"CODE_SIGN_IDENTITY[sdk=iphoneos*]" = "iPhone Developer";
				COPY_PHASE_STRIP = NO;
				ENABLE_STRICT_OBJC_MSGSEND = YES;
				GCC_C_LANGUAGE_STANDARD = gnu99;
				GCC_DYNAMIC_NO_PIC = NO;
				GCC_OPTIMIZATION_LEVEL = 0;
				GCC_PREPROCESSOR_DEFINITIONS = (
					"DEBUG=1",
					"$(inherited)",
				);
				GCC_SYMBOLS_PRIVATE_EXTERN = NO;
				GCC_WARN_64_TO_32_BIT_CONVERSION = YES;
				GCC_WARN_ABOUT_RETURN_TYPE = YES_ERROR;
				GCC_WARN_UNDECLARED_SELECTOR = YES;
				GCC_WARN_UNINITIALIZED_AUTOS = YES_AGGRESSIVE;
				GCC_WARN_UNUSED_FUNCTION = YES;
				GCC_WARN_UNUSED_VARIABLE = YES;
				IPHONEOS_DEPLOYMENT_TARGET = 8.1;
				MTL_ENABLE_DEBUG_INFO = YES;
				ONLY_ACTIVE_ARCH = YES;
				SDKROOT = iphoneos;
				SWIFT_OPTIMIZATION_LEVEL = "-Onone";
				TARGETED_DEVICE_FAMILY = "1,2";
			};
			name = Debug;
		};
/* End XCBuildConfiguration section */

/* Begin XCConfigurationList section */
		68AD334EA38CC35BE33B5B9E /* Build configuration list for PBXProject "Kickback" */ = {
			isa = XCConfigurationList;
			buildConfigurations = (
				68AD3B2B24DBE25B3F690862 /* Debug */,
				68AD343A21D7C27EF44B468F /* Release */,
			);
			defaultConfigurationIsVisible = 0;
			defaultConfigurationName = Release;
		};
		68AD367D088DB82BEA9F248F /* Build configuration list for PBXNativeTarget "KickbackTests" */ = {
			isa = XCConfigurationList;
			buildConfigurations = (
				68AD3913BA08D2327ED62C87 /* Debug */,
				68AD30819F99111DB18FD217 /* Release */,
			);
			defaultConfigurationIsVisible = 0;
		};
		68AD39698AE500D2F2109DFB /* Build configuration list for PBXNativeTarget "Kickback" */ = {
			isa = XCConfigurationList;
			buildConfigurations = (
				68AD374F179AC658278362D0 /* Debug */,
				68AD312E5F50EED47045F419 /* Release */,
			);
			defaultConfigurationIsVisible = 0;
		};
/* End XCConfigurationList section */
	};
	rootObject = 68AD3415ECB94F4DD2F05024 /* Project object */;
}
